// !$*UTF8*$!
{
	archiveVersion = 1;
	classes = {
	};
	objectVersion = 56;
	objects = {

/* Begin PBXBuildFile section */
		5A1C2C8E2AD472360016ED2E /* AddRegistrationUIMethods.swift in Sources */ = {isa = PBXBuildFile; fileRef = 5A1C2C8D2AD472360016ED2E /* AddRegistrationUIMethods.swift */; };
		5A3391782AD1C11800D049DD /* SelectRoomTypeTVC.swift in Sources */ = {isa = PBXBuildFile; fileRef = 5A3391772AD1C11800D049DD /* SelectRoomTypeTVC.swift */; };
		5A33917A2AD206AE00D049DD /* RegistrationsTableViewController.swift in Sources */ = {isa = PBXBuildFile; fileRef = 5A3391792AD206AE00D049DD /* RegistrationsTableViewController.swift */; };
		5AB3D3982ACD911A0015B96E /* AppDelegate.swift in Sources */ = {isa = PBXBuildFile; fileRef = 5AB3D3972ACD911A0015B96E /* AppDelegate.swift */; };
		5AB3D39A2ACD911A0015B96E /* SceneDelegate.swift in Sources */ = {isa = PBXBuildFile; fileRef = 5AB3D3992ACD911A0015B96E /* SceneDelegate.swift */; };
		5AB3D39F2ACD911A0015B96E /* Main.storyboard in Resources */ = {isa = PBXBuildFile; fileRef = 5AB3D39D2ACD911A0015B96E /* Main.storyboard */; };
		5AB3D3A12ACD911B0015B96E /* Assets.xcassets in Resources */ = {isa = PBXBuildFile; fileRef = 5AB3D3A02ACD911B0015B96E /* Assets.xcassets */; };
		5AB3D3A42ACD911B0015B96E /* LaunchScreen.storyboard in Resources */ = {isa = PBXBuildFile; fileRef = 5AB3D3A22ACD911B0015B96E /* LaunchScreen.storyboard */; };
		5AB3D3AC2ACD9ED50015B96E /* Model.swift in Sources */ = {isa = PBXBuildFile; fileRef = 5AB3D3AB2ACD9ED50015B96E /* Model.swift */; };
		5AB3D3AE2ACDAF450015B96E /* AddRegistrationTVC.swift in Sources */ = {isa = PBXBuildFile; fileRef = 5AB3D3AD2ACDAF450015B96E /* AddRegistrationTVC.swift */; };
		5ABF8A302AD6BB7300643F24 /* DetailsTableViewController.swift in Sources */ = {isa = PBXBuildFile; fileRef = 5ABF8A2F2AD6BB7300643F24 /* DetailsTableViewController.swift */; };
/* End PBXBuildFile section */

/* Begin PBXFileReference section */
		5A1C2C8D2AD472360016ED2E /* AddRegistrationUIMethods.swift */ = {isa = PBXFileReference; lastKnownFileType = sourcecode.swift; path = AddRegistrationUIMethods.swift; sourceTree = "<group>"; };
		5A1C2C912AD4AFE80016ED2E /* README.md */ = {isa = PBXFileReference; lastKnownFileType = net.daringfireball.markdown; path = README.md; sourceTree = "<group>"; };
		5A3391772AD1C11800D049DD /* SelectRoomTypeTVC.swift */ = {isa = PBXFileReference; lastKnownFileType = sourcecode.swift; path = SelectRoomTypeTVC.swift; sourceTree = "<group>"; };
		5A3391792AD206AE00D049DD /* RegistrationsTableViewController.swift */ = {isa = PBXFileReference; lastKnownFileType = sourcecode.swift; path = RegistrationsTableViewController.swift; sourceTree = "<group>"; };
		5AB3D3942ACD911A0015B96E /* Hotel Manzana.app */ = {isa = PBXFileReference; explicitFileType = wrapper.application; includeInIndex = 0; path = "Hotel Manzana.app"; sourceTree = BUILT_PRODUCTS_DIR; };
		5AB3D3972ACD911A0015B96E /* AppDelegate.swift */ = {isa = PBXFileReference; lastKnownFileType = sourcecode.swift; path = AppDelegate.swift; sourceTree = "<group>"; };
		5AB3D3992ACD911A0015B96E /* SceneDelegate.swift */ = {isa = PBXFileReference; lastKnownFileType = sourcecode.swift; path = SceneDelegate.swift; sourceTree = "<group>"; };
		5AB3D39E2ACD911A0015B96E /* Base */ = {isa = PBXFileReference; lastKnownFileType = file.storyboard; name = Base; path = Base.lproj/Main.storyboard; sourceTree = "<group>"; };
		5AB3D3A02ACD911B0015B96E /* Assets.xcassets */ = {isa = PBXFileReference; lastKnownFileType = folder.assetcatalog; path = Assets.xcassets; sourceTree = "<group>"; };
		5AB3D3A32ACD911B0015B96E /* Base */ = {isa = PBXFileReference; lastKnownFileType = file.storyboard; name = Base; path = Base.lproj/LaunchScreen.storyboard; sourceTree = "<group>"; };
		5AB3D3A52ACD911B0015B96E /* Info.plist */ = {isa = PBXFileReference; lastKnownFileType = text.plist.xml; path = Info.plist; sourceTree = "<group>"; };
		5AB3D3AB2ACD9ED50015B96E /* Model.swift */ = {isa = PBXFileReference; lastKnownFileType = sourcecode.swift; path = Model.swift; sourceTree = "<group>"; };
		5AB3D3AD2ACDAF450015B96E /* AddRegistrationTVC.swift */ = {isa = PBXFileReference; lastKnownFileType = sourcecode.swift; path = AddRegistrationTVC.swift; sourceTree = "<group>"; };
		5ABF8A2F2AD6BB7300643F24 /* DetailsTableViewController.swift */ = {isa = PBXFileReference; lastKnownFileType = sourcecode.swift; path = DetailsTableViewController.swift; sourceTree = "<group>"; };
/* End PBXFileReference section */

/* Begin PBXFrameworksBuildPhase section */
		5AB3D3912ACD911A0015B96E /* Frameworks */ = {
			isa = PBXFrameworksBuildPhase;
			buildActionMask = 2147483647;
			files = (
			);
			runOnlyForDeploymentPostprocessing = 0;
		};
/* End PBXFrameworksBuildPhase section */

/* Begin PBXGroup section */
		5AB3D38B2ACD911A0015B96E = {
			isa = PBXGroup;
			children = (
				5ABF8A2F2AD6BB7300643F24 /* DetailsTableViewController.swift */,
				5A1C2C8D2AD472360016ED2E /* AddRegistrationUIMethods.swift */,
				5A3391792AD206AE00D049DD /* RegistrationsTableViewController.swift */,
				5A3391772AD1C11800D049DD /* SelectRoomTypeTVC.swift */,
				5AB3D3AD2ACDAF450015B96E /* AddRegistrationTVC.swift */,
				5AB3D3AB2ACD9ED50015B96E /* Model.swift */,
				5AB3D3962ACD911A0015B96E /* Hotel Manzana */,
				5AB3D3952ACD911A0015B96E /* Products */,
			);
			sourceTree = "<group>";
		};
		5AB3D3952ACD911A0015B96E /* Products */ = {
			isa = PBXGroup;
			children = (
				5AB3D3942ACD911A0015B96E /* Hotel Manzana.app */,
			);
			name = Products;
			sourceTree = "<group>";
		};
		5AB3D3962ACD911A0015B96E /* Hotel Manzana */ = {
			isa = PBXGroup;
			children = (
				5AB3D3972ACD911A0015B96E /* AppDelegate.swift */,
				5AB3D3992ACD911A0015B96E /* SceneDelegate.swift */,
				5AB3D39D2ACD911A0015B96E /* Main.storyboard */,
				5AB3D3A02ACD911B0015B96E /* Assets.xcassets */,
				5AB3D3A22ACD911B0015B96E /* LaunchScreen.storyboard */,
				5AB3D3A52ACD911B0015B96E /* Info.plist */,
				5A1C2C912AD4AFE80016ED2E /* README.md */,
			);
			path = "Hotel Manzana";
			sourceTree = "<group>";
		};
/* End PBXGroup section */

/* Begin PBXNativeTarget section */
		5AB3D3932ACD911A0015B96E /* Hotel Manzana */ = {
			isa = PBXNativeTarget;
			buildConfigurationList = 5AB3D3A82ACD911B0015B96E /* Build configuration list for PBXNativeTarget "Hotel Manzana" */;
			buildPhases = (
				5AB3D3902ACD911A0015B96E /* Sources */,
				5AB3D3912ACD911A0015B96E /* Frameworks */,
				5AB3D3922ACD911A0015B96E /* Resources */,
			);
			buildRules = (
			);
			dependencies = (
			);
			name = "Hotel Manzana";
			productName = "Hotel Manzana";
			productReference = 5AB3D3942ACD911A0015B96E /* Hotel Manzana.app */;
			productType = "com.apple.product-type.application";
		};
/* End PBXNativeTarget section */

/* Begin PBXProject section */
		5AB3D38C2ACD911A0015B96E /* Project object */ = {
			isa = PBXProject;
			attributes = {
				BuildIndependentTargetsInParallel = 1;
				LastSwiftUpdateCheck = 1500;
				LastUpgradeCheck = 1500;
				TargetAttributes = {
					5AB3D3932ACD911A0015B96E = {
						CreatedOnToolsVersion = 15.0;
					};
				};
			};
			buildConfigurationList = 5AB3D38F2ACD911A0015B96E /* Build configuration list for PBXProject "Hotel Manzana" */;
			compatibilityVersion = "Xcode 14.0";
			developmentRegion = en;
			hasScannedForEncodings = 0;
			knownRegions = (
				en,
				Base,
			);
			mainGroup = 5AB3D38B2ACD911A0015B96E;
			productRefGroup = 5AB3D3952ACD911A0015B96E /* Products */;
			projectDirPath = "";
			projectRoot = "";
			targets = (
				5AB3D3932ACD911A0015B96E /* Hotel Manzana */,
			);
		};
/* End PBXProject section */

/* Begin PBXResourcesBuildPhase section */
		5AB3D3922ACD911A0015B96E /* Resources */ = {
			isa = PBXResourcesBuildPhase;
			buildActionMask = 2147483647;
			files = (
				5AB3D3A42ACD911B0015B96E /* LaunchScreen.storyboard in Resources */,
				5AB3D3A12ACD911B0015B96E /* Assets.xcassets in Resources */,
				5AB3D39F2ACD911A0015B96E /* Main.storyboard in Resources */,
			);
			runOnlyForDeploymentPostprocessing = 0;
		};
/* End PBXResourcesBuildPhase section */

/* Begin PBXSourcesBuildPhase section */
		5AB3D3902ACD911A0015B96E /* Sources */ = {
			isa = PBXSourcesBuildPhase;
			buildActionMask = 2147483647;
			files = (
				5ABF8A302AD6BB7300643F24 /* DetailsTableViewController.swift in Sources */,
				5A33917A2AD206AE00D049DD /* RegistrationsTableViewController.swift in Sources */,
				5AB3D3AE2ACDAF450015B96E /* AddRegistrationTVC.swift in Sources */,
				5A3391782AD1C11800D049DD /* SelectRoomTypeTVC.swift in Sources */,
				5AB3D3AC2ACD9ED50015B96E /* Model.swift in Sources */,
				5AB3D3982ACD911A0015B96E /* AppDelegate.swift in Sources */,
				5AB3D39A2ACD911A0015B96E /* SceneDelegate.swift in Sources */,
				5A1C2C8E2AD472360016ED2E /* AddRegistrationUIMethods.swift in Sources */,
			);
			runOnlyForDeploymentPostprocessing = 0;
		};
/* End PBXSourcesBuildPhase section */

/* Begin PBXVariantGroup section */
		5AB3D39D2ACD911A0015B96E /* Main.storyboard */ = {
			isa = PBXVariantGroup;
			children = (
				5AB3D39E2ACD911A0015B96E /* Base */,
			);
			name = Main.storyboard;
			sourceTree = "<group>";
		};
		5AB3D3A22ACD911B0015B96E /* LaunchScreen.storyboard */ = {
			isa = PBXVariantGroup;
			children = (
				5AB3D3A32ACD911B0015B96E /* Base */,
			);
			name = LaunchScreen.storyboard;
			sourceTree = "<group>";
		};
/* End PBXVariantGroup section */

/* Begin XCBuildConfiguration section */
		5AB3D3A62ACD911B0015B96E /* Debug */ = {
			isa = XCBuildConfiguration;
			buildSettings = {
				ALWAYS_SEARCH_USER_PATHS = NO;
				ASSETCATALOG_COMPILER_GENERATE_SWIFT_ASSET_SYMBOL_EXTENSIONS = YES;
				CLANG_ANALYZER_NONNULL = YES;
				CLANG_ANALYZER_NUMBER_OBJECT_CONVERSION = YES_AGGRESSIVE;
				CLANG_CXX_LANGUAGE_STANDARD = "gnu++20";
				CLANG_ENABLE_MODULES = YES;
				CLANG_ENABLE_OBJC_ARC = YES;
				CLANG_ENABLE_OBJC_WEAK = YES;
				CLANG_WARN_BLOCK_CAPTURE_AUTORELEASING = YES;
				CLANG_WARN_BOOL_CONVERSION = YES;
				CLANG_WARN_COMMA = YES;
				CLANG_WARN_CONSTANT_CONVERSION = YES;
				CLANG_WARN_DEPRECATED_OBJC_IMPLEMENTATIONS = YES;
				CLANG_WARN_DIRECT_OBJC_ISA_USAGE = YES_ERROR;
				CLANG_WARN_DOCUMENTATION_COMMENTS = YES;
				CLANG_WARN_EMPTY_BODY = YES;
				CLANG_WARN_ENUM_CONVERSION = YES;
				CLANG_WARN_INFINITE_RECURSION = YES;
				CLANG_WARN_INT_CONVERSION = YES;
				CLANG_WARN_NON_LITERAL_NULL_CONVERSION = YES;
				CLANG_WARN_OBJC_IMPLICIT_RETAIN_SELF = YES;
				CLANG_WARN_OBJC_LITERAL_CONVERSION = YES;
				CLANG_WARN_OBJC_ROOT_CLASS = YES_ERROR;
				CLANG_WARN_QUOTED_INCLUDE_IN_FRAMEWORK_HEADER = YES;
				CLANG_WARN_RANGE_LOOP_ANALYSIS = YES;
				CLANG_WARN_STRICT_PROTOTYPES = YES;
				CLANG_WARN_SUSPICIOUS_MOVE = YES;
				CLANG_WARN_UNGUARDED_AVAILABILITY = YES_AGGRESSIVE;
				CLANG_WARN_UNREACHABLE_CODE = YES;
				CLANG_WARN__DUPLICATE_METHOD_MATCH = YES;
				COPY_PHASE_STRIP = NO;
				DEBUG_INFORMATION_FORMAT = dwarf;
				ENABLE_STRICT_OBJC_MSGSEND = YES;
				ENABLE_TESTABILITY = YES;
				ENABLE_USER_SCRIPT_SANDBOXING = YES;
				GCC_C_LANGUAGE_STANDARD = gnu17;
				GCC_DYNAMIC_NO_PIC = NO;
				GCC_NO_COMMON_BLOCKS = YES;
				GCC_OPTIMIZATION_LEVEL = 0;
				GCC_PREPROCESSOR_DEFINITIONS = (
					"DEBUG=1",
					"$(inherited)",
				);
				GCC_WARN_64_TO_32_BIT_CONVERSION = YES;
				GCC_WARN_ABOUT_RETURN_TYPE = YES_ERROR;
				GCC_WARN_UNDECLARED_SELECTOR = YES;
				GCC_WARN_UNINITIALIZED_AUTOS = YES_AGGRESSIVE;
				GCC_WARN_UNUSED_FUNCTION = YES;
				GCC_WARN_UNUSED_VARIABLE = YES;
				IPHONEOS_DEPLOYMENT_TARGET = 17.0;
				LOCALIZATION_PREFERS_STRING_CATALOGS = YES;
				MTL_ENABLE_DEBUG_INFO = INCLUDE_SOURCE;
				MTL_FAST_MATH = YES;
				ONLY_ACTIVE_ARCH = YES;
				SDKROOT = iphoneos;
				SWIFT_ACTIVE_COMPILATION_CONDITIONS = "DEBUG $(inherited)";
				SWIFT_OPTIMIZATION_LEVEL = "-Onone";
			};
			name = Debug;
		};
		5AB3D3A72ACD911B0015B96E /* Release */ = {
			isa = XCBuildConfiguration;
			buildSettings = {
				ALWAYS_SEARCH_USER_PATHS = NO;
				ASSETCATALOG_COMPILER_GENERATE_SWIFT_ASSET_SYMBOL_EXTENSIONS = YES;
				CLANG_ANALYZER_NONNULL = YES;
				CLANG_ANALYZER_NUMBER_OBJECT_CONVERSION = YES_AGGRESSIVE;
				CLANG_CXX_LANGUAGE_STANDARD = "gnu++20";
				CLANG_ENABLE_MODULES = YES;
				CLANG_ENABLE_OBJC_ARC = YES;
				CLANG_ENABLE_OBJC_WEAK = YES;
				CLANG_WARN_BLOCK_CAPTURE_AUTORELEASING = YES;
				CLANG_WARN_BOOL_CONVERSION = YES;
				CLANG_WARN_COMMA = YES;
				CLANG_WARN_CONSTANT_CONVERSION = YES;
				CLANG_WARN_DEPRECATED_OBJC_IMPLEMENTATIONS = YES;
				CLANG_WARN_DIRECT_OBJC_ISA_USAGE = YES_ERROR;
				CLANG_WARN_DOCUMENTATION_COMMENTS = YES;
				CLANG_WARN_EMPTY_BODY = YES;
				CLANG_WARN_ENUM_CONVERSION = YES;
				CLANG_WARN_INFINITE_RECURSION = YES;
				CLANG_WARN_INT_CONVERSION = YES;
				CLANG_WARN_NON_LITERAL_NULL_CONVERSION = YES;
				CLANG_WARN_OBJC_IMPLICIT_RETAIN_SELF = YES;
				CLANG_WARN_OBJC_LITERAL_CONVERSION = YES;
				CLANG_WARN_OBJC_ROOT_CLASS = YES_ERROR;
				CLANG_WARN_QUOTED_INCLUDE_IN_FRAMEWORK_HEADER = YES;
				CLANG_WARN_RANGE_LOOP_ANALYSIS = YES;
				CLANG_WARN_STRICT_PROTOTYPES = YES;
				CLANG_WARN_SUSPICIOUS_MOVE = YES;
				CLANG_WARN_UNGUARDED_AVAILABILITY = YES_AGGRESSIVE;
				CLANG_WARN_UNREACHABLE_CODE = YES;
				CLANG_WARN__DUPLICATE_METHOD_MATCH = YES;
				COPY_PHASE_STRIP = NO;
				DEBUG_INFORMATION_FORMAT = "dwarf-with-dsym";
				ENABLE_NS_ASSERTIONS = NO;
				ENABLE_STRICT_OBJC_MSGSEND = YES;
				ENABLE_USER_SCRIPT_SANDBOXING = YES;
				GCC_C_LANGUAGE_STANDARD = gnu17;
				GCC_NO_COMMON_BLOCKS = YES;
				GCC_WARN_64_TO_32_BIT_CONVERSION = YES;
				GCC_WARN_ABOUT_RETURN_TYPE = YES_ERROR;
				GCC_WARN_UNDECLARED_SELECTOR = YES;
				GCC_WARN_UNINITIALIZED_AUTOS = YES_AGGRESSIVE;
				GCC_WARN_UNUSED_FUNCTION = YES;
				GCC_WARN_UNUSED_VARIABLE = YES;
				IPHONEOS_DEPLOYMENT_TARGET = 17.0;
				LOCALIZATION_PREFERS_STRING_CATALOGS = YES;
				MTL_ENABLE_DEBUG_INFO = NO;
				MTL_FAST_MATH = YES;
				SDKROOT = iphoneos;
				SWIFT_COMPILATION_MODE = wholemodule;
				VALIDATE_PRODUCT = YES;
			};
			name = Release;
		};
		5AB3D3A92ACD911B0015B96E /* Debug */ = {
			isa = XCBuildConfiguration;
			buildSettings = {
				ASSETCATALOG_COMPILER_APPICON_NAME = AppIcon;
				ASSETCATALOG_COMPILER_GLOBAL_ACCENT_COLOR_NAME = AccentColor;
				CODE_SIGN_STYLE = Automatic;
				CURRENT_PROJECT_VERSION = 1;
				GENERATE_INFOPLIST_FILE = YES;
				INFOPLIST_FILE = "Hotel Manzana/Info.plist";
				INFOPLIST_KEY_UIApplicationSupportsIndirectInputEvents = YES;
				INFOPLIST_KEY_UILaunchStoryboardName = LaunchScreen;
				INFOPLIST_KEY_UIMainStoryboardFile = Main;
				INFOPLIST_KEY_UISupportedInterfaceOrientations_iPad = "UIInterfaceOrientationPortrait UIInterfaceOrientationPortraitUpsideDown UIInterfaceOrientationLandscapeLeft UIInterfaceOrientationLandscapeRight";
				INFOPLIST_KEY_UISupportedInterfaceOrientations_iPhone = "UIInterfaceOrientationPortrait UIInterfaceOrientationLandscapeLeft UIInterfaceOrientationLandscapeRight";
				LD_RUNPATH_SEARCH_PATHS = (
					"$(inherited)",
					"@executable_path/Frameworks",
				);
				MARKETING_VERSION = 1.0;
				PRODUCT_BUNDLE_IDENTIFIER = "com.exampleteam.Hotel-Manzana";
				PRODUCT_NAME = "$(TARGET_NAME)";
				SWIFT_EMIT_LOC_STRINGS = YES;
				SWIFT_VERSION = 5.0;
				TARGETED_DEVICE_FAMILY = "1,2";
			};
			name = Debug;
		};
		5AB3D3AA2ACD911B0015B96E /* Release */ = {
			isa = XCBuildConfiguration;
			buildSettings = {
				ASSETCATALOG_COMPILER_APPICON_NAME = AppIcon;
				ASSETCATALOG_COMPILER_GLOBAL_ACCENT_COLOR_NAME = AccentColor;
				CODE_SIGN_STYLE = Automatic;
				CURRENT_PROJECT_VERSION = 1;
				GENERATE_INFOPLIST_FILE = YES;
				INFOPLIST_FILE = "Hotel Manzana/Info.plist";
				INFOPLIST_KEY_UIApplicationSupportsIndirectInputEvents = YES;
				INFOPLIST_KEY_UILaunchStoryboardName = LaunchScreen;
				INFOPLIST_KEY_UIMainStoryboardFile = Main;
				INFOPLIST_KEY_UISupportedInterfaceOrientations_iPad = "UIInterfaceOrientationPortrait UIInterfaceOrientationPortraitUpsideDown UIInterfaceOrientationLandscapeLeft UIInterfaceOrientationLandscapeRight";
				INFOPLIST_KEY_UISupportedInterfaceOrientations_iPhone = "UIInterfaceOrientationPortrait UIInterfaceOrientationLandscapeLeft UIInterfaceOrientationLandscapeRight";
				LD_RUNPATH_SEARCH_PATHS = (
					"$(inherited)",
					"@executable_path/Frameworks",
				);
				MARKETING_VERSION = 1.0;
				PRODUCT_BUNDLE_IDENTIFIER = "com.exampleteam.Hotel-Manzana";
				PRODUCT_NAME = "$(TARGET_NAME)";
				SWIFT_EMIT_LOC_STRINGS = YES;
				SWIFT_VERSION = 5.0;
				TARGETED_DEVICE_FAMILY = "1,2";
			};
			name = Release;
		};
/* End XCBuildConfiguration section */

/* Begin XCConfigurationList section */
		5AB3D38F2ACD911A0015B96E /* Build configuration list for PBXProject "Hotel Manzana" */ = {
			isa = XCConfigurationList;
			buildConfigurations = (
				5AB3D3A62ACD911B0015B96E /* Debug */,
				5AB3D3A72ACD911B0015B96E /* Release */,
			);
			defaultConfigurationIsVisible = 0;
			defaultConfigurationName = Release;
		};
		5AB3D3A82ACD911B0015B96E /* Build configuration list for PBXNativeTarget "Hotel Manzana" */ = {
			isa = XCConfigurationList;
			buildConfigurations = (
				5AB3D3A92ACD911B0015B96E /* Debug */,
				5AB3D3AA2ACD911B0015B96E /* Release */,
			);
			defaultConfigurationIsVisible = 0;
			defaultConfigurationName = Release;
		};
/* End XCConfigurationList section */
	};
	rootObject = 5AB3D38C2ACD911A0015B96E /* Project object */;
}
